PODS:
  - FBSDKCoreKit (7.1.1):
    - FBSDKCoreKit/Basics (= 7.1.1)
    - FBSDKCoreKit/Core (= 7.1.1)
  - FBSDKCoreKit/Basics (7.1.1)
  - FBSDKCoreKit/Core (7.1.1):
    - FBSDKCoreKit/Basics
  - FBSDKLoginKit (7.1.1):
    - FBSDKLoginKit/Login (= 7.1.1)
  - FBSDKLoginKit/Login (7.1.1):
    - FBSDKCoreKit (~> 7.1.1)
  - RxSwift (4.5.0)
  - Then (2.0.0)

DEPENDENCIES:
  - FBSDKCoreKit (~> 7)
  - FBSDKLoginKit
  - RxSwift (= 4.5.0)
  - Then (= 2.0.0)

SPEC REPOS:
  trunk:
    - FBSDKCoreKit
    - FBSDKLoginKit
    - RxSwift
    - Then

SPEC CHECKSUMS:
  FBSDKCoreKit: b46507dc8b8cefed31d644e74d7cc30e2a715ef8
  FBSDKLoginKit: 1a61d79e2b25e2fc0d03dccab1e34b38bbdf2546
  RxSwift: f172070dfd1a93d70a9ab97a5a01166206e1c575
  Then: 460074ffe907de3536d5e88f189dac5ef7cf0869

PODFILE CHECKSUM: d08cc4e1d927f9b7514f827682d3a2145ffb1069

COCOAPODS: 1.9.3
